// !$*UTF8*$!
{
	archiveVersion = 1;
	classes = {
	};
	objectVersion = 50;
	objects = {

/* Begin PBXBuildFile section */
		B0D84959237EC70100A2DD9F /* AppDelegate.swift in Sources */ = {isa = PBXBuildFile; fileRef = B0D84958237EC70100A2DD9F /* AppDelegate.swift */; };
		B0D8495B237EC70100A2DD9F /* ViewController.swift in Sources */ = {isa = PBXBuildFile; fileRef = B0D8495A237EC70100A2DD9F /* ViewController.swift */; };
		B0D8495E237EC70100A2DD9F /* Main.storyboard in Resources */ = {isa = PBXBuildFile; fileRef = B0D8495C237EC70100A2DD9F /* Main.storyboard */; };
		B0D84960237EC70300A2DD9F /* Assets.xcassets in Resources */ = {isa = PBXBuildFile; fileRef = B0D8495F237EC70300A2DD9F /* Assets.xcassets */; };
		B0D84963237EC70300A2DD9F /* LaunchScreen.storyboard in Resources */ = {isa = PBXBuildFile; fileRef = B0D84961237EC70300A2DD9F /* LaunchScreen.storyboard */; };
		B0D8496E237EC70300A2DD9F /* Test1Tests.swift in Sources */ = {isa = PBXBuildFile; fileRef = B0D8496D237EC70300A2DD9F /* Test1Tests.swift */; };
		B0D84979237EC70300A2DD9F /* Test1UITests.swift in Sources */ = {isa = PBXBuildFile; fileRef = B0D84978237EC70300A2DD9F /* Test1UITests.swift */; };
/* End PBXBuildFile section */

/* Begin PBXContainerItemProxy section */
		B0D8496A237EC70300A2DD9F /* PBXContainerItemProxy */ = {
			isa = PBXContainerItemProxy;
			containerPortal = B0D8494D237EC70000A2DD9F /* Project object */;
			proxyType = 1;
			remoteGlobalIDString = B0D84954237EC70000A2DD9F;
			remoteInfo = Test1;
		};
		B0D84975237EC70300A2DD9F /* PBXContainerItemProxy */ = {
			isa = PBXContainerItemProxy;
			containerPortal = B0D8494D237EC70000A2DD9F /* Project object */;
			proxyType = 1;
			remoteGlobalIDString = B0D84954237EC70000A2DD9F;
			remoteInfo = Test1;
		};
/* End PBXContainerItemProxy section */

/* Begin PBXFileReference section */
		B0D84955237EC70000A2DD9F /* Test1.app */ = {isa = PBXFileReference; explicitFileType = wrapper.application; includeInIndex = 0; path = Test1.app; sourceTree = BUILT_PRODUCTS_DIR; };
		B0D84958237EC70100A2DD9F /* AppDelegate.swift */ = {isa = PBXFileReference; lastKnownFileType = sourcecode.swift; path = AppDelegate.swift; sourceTree = "<group>"; };
		B0D8495A237EC70100A2DD9F /* ViewController.swift */ = {isa = PBXFileReference; lastKnownFileType = sourcecode.swift; path = ViewController.swift; sourceTree = "<group>"; };
		B0D8495D237EC70100A2DD9F /* Base */ = {isa = PBXFileReference; lastKnownFileType = file.storyboard; name = Base; path = Base.lproj/Main.storyboard; sourceTree = "<group>"; };
		B0D8495F237EC70300A2DD9F /* Assets.xcassets */ = {isa = PBXFileReference; lastKnownFileType = folder.assetcatalog; path = Assets.xcassets; sourceTree = "<group>"; };
		B0D84962237EC70300A2DD9F /* Base */ = {isa = PBXFileReference; lastKnownFileType = file.storyboard; name = Base; path = Base.lproj/LaunchScreen.storyboard; sourceTree = "<group>"; };
		B0D84964237EC70300A2DD9F /* Info.plist */ = {isa = PBXFileReference; lastKnownFileType = text.plist.xml; path = Info.plist; sourceTree = "<group>"; };
		B0D84969237EC70300A2DD9F /* Test1Tests.xctest */ = {isa = PBXFileReference; explicitFileType = wrapper.cfbundle; includeInIndex = 0; path = Test1Tests.xctest; sourceTree = BUILT_PRODUCTS_DIR; };
		B0D8496D237EC70300A2DD9F /* Test1Tests.swift */ = {isa = PBXFileReference; lastKnownFileType = sourcecode.swift; path = Test1Tests.swift; sourceTree = "<group>"; };
		B0D8496F237EC70300A2DD9F /* Info.plist */ = {isa = PBXFileReference; lastKnownFileType = text.plist.xml; path = Info.plist; sourceTree = "<group>"; };
		B0D84974237EC70300A2DD9F /* Test1UITests.xctest */ = {isa = PBXFileReference; explicitFileType = wrapper.cfbundle; includeInIndex = 0; path = Test1UITests.xctest; sourceTree = BUILT_PRODUCTS_DIR; };
		B0D84978237EC70300A2DD9F /* Test1UITests.swift */ = {isa = PBXFileReference; lastKnownFileType = sourcecode.swift; path = Test1UITests.swift; sourceTree = "<group>"; };
		B0D8497A237EC70300A2DD9F /* Info.plist */ = {isa = PBXFileReference; lastKnownFileType = text.plist.xml; path = Info.plist; sourceTree = "<group>"; };
/* End PBXFileReference section */

/* Begin PBXFrameworksBuildPhase section */
		B0D84952237EC70000A2DD9F /* Frameworks */ = {
			isa = PBXFrameworksBuildPhase;
			buildActionMask = 2147483647;
			files = (
			);
			runOnlyForDeploymentPostprocessing = 0;
		};
		B0D84966237EC70300A2DD9F /* Frameworks */ = {
			isa = PBXFrameworksBuildPhase;
			buildActionMask = 2147483647;
			files = (
			);
			runOnlyForDeploymentPostprocessing = 0;
		};
		B0D84971237EC70300A2DD9F /* Frameworks */ = {
			isa = PBXFrameworksBuildPhase;
			buildActionMask = 2147483647;
			files = (
			);
			runOnlyForDeploymentPostprocessing = 0;
		};
/* End PBXFrameworksBuildPhase section */

/* Begin PBXGroup section */
		B0D8494C237EC70000A2DD9F = {
			isa = PBXGroup;
			children = (
				B0D84957237EC70000A2DD9F /* Test1 */,
				B0D8496C237EC70300A2DD9F /* Test1Tests */,
				B0D84977237EC70300A2DD9F /* Test1UITests */,
				B0D84956237EC70000A2DD9F /* Products */,
			);
			sourceTree = "<group>";
		};
		B0D84956237EC70000A2DD9F /* Products */ = {
			isa = PBXGroup;
			children = (
				B0D84955237EC70000A2DD9F /* Test1.app */,
				B0D84969237EC70300A2DD9F /* Test1Tests.xctest */,
				B0D84974237EC70300A2DD9F /* Test1UITests.xctest */,
			);
			name = Products;
			sourceTree = "<group>";
		};
		B0D84957237EC70000A2DD9F /* Test1 */ = {
			isa = PBXGroup;
			children = (
				B0D84958237EC70100A2DD9F /* AppDelegate.swift */,
				B0D8495A237EC70100A2DD9F /* ViewController.swift */,
				B0D8495C237EC70100A2DD9F /* Main.storyboard */,
				B0D8495F237EC70300A2DD9F /* Assets.xcassets */,
				B0D84961237EC70300A2DD9F /* LaunchScreen.storyboard */,
				B0D84964237EC70300A2DD9F /* Info.plist */,
			);
			path = Test1;
			sourceTree = "<group>";
		};
		B0D8496C237EC70300A2DD9F /* Test1Tests */ = {
			isa = PBXGroup;
			children = (
				B0D8496D237EC70300A2DD9F /* Test1Tests.swift */,
				B0D8496F237EC70300A2DD9F /* Info.plist */,
			);
			path = Test1Tests;
			sourceTree = "<group>";
		};
		B0D84977237EC70300A2DD9F /* Test1UITests */ = {
			isa = PBXGroup;
			children = (
				B0D84978237EC70300A2DD9F /* Test1UITests.swift */,
				B0D8497A237EC70300A2DD9F /* Info.plist */,
			);
			path = Test1UITests;
			sourceTree = "<group>";
		};
/* End PBXGroup section */

/* Begin PBXNativeTarget section */
		B0D84954237EC70000A2DD9F /* Test1 */ = {
			isa = PBXNativeTarget;
			buildConfigurationList = B0D8497D237EC70300A2DD9F /* Build configuration list for PBXNativeTarget "Test1" */;
			buildPhases = (
				B0D84951237EC70000A2DD9F /* Sources */,
				B0D84952237EC70000A2DD9F /* Frameworks */,
				B0D84953237EC70000A2DD9F /* Resources */,
			);
			buildRules = (
			);
			dependencies = (
			);
			name = Test1;
			productName = Test1;
			productReference = B0D84955237EC70000A2DD9F /* Test1.app */;
			productType = "com.apple.product-type.application";
		};
		B0D84968237EC70300A2DD9F /* Test1Tests */ = {
			isa = PBXNativeTarget;
			buildConfigurationList = B0D84980237EC70300A2DD9F /* Build configuration list for PBXNativeTarget "Test1Tests" */;
			buildPhases = (
				B0D84965237EC70300A2DD9F /* Sources */,
				B0D84966237EC70300A2DD9F /* Frameworks */,
				B0D84967237EC70300A2DD9F /* Resources */,
			);
			buildRules = (
			);
			dependencies = (
				B0D8496B237EC70300A2DD9F /* PBXTargetDependency */,
			);
			name = Test1Tests;
			productName = Test1Tests;
			productReference = B0D84969237EC70300A2DD9F /* Test1Tests.xctest */;
			productType = "com.apple.product-type.bundle.unit-test";
		};
		B0D84973237EC70300A2DD9F /* Test1UITests */ = {
			isa = PBXNativeTarget;
			buildConfigurationList = B0D84983237EC70300A2DD9F /* Build configuration list for PBXNativeTarget "Test1UITests" */;
			buildPhases = (
				B0D84970237EC70300A2DD9F /* Sources */,
				B0D84971237EC70300A2DD9F /* Frameworks */,
				B0D84972237EC70300A2DD9F /* Resources */,
			);
			buildRules = (
			);
			dependencies = (
				B0D84976237EC70300A2DD9F /* PBXTargetDependency */,
			);
			name = Test1UITests;
			productName = Test1UITests;
			productReference = B0D84974237EC70300A2DD9F /* Test1UITests.xctest */;
			productType = "com.apple.product-type.bundle.ui-testing";
		};
/* End PBXNativeTarget section */

/* Begin PBXProject section */
		B0D8494D237EC70000A2DD9F /* Project object */ = {
			isa = PBXProject;
			attributes = {
				LastSwiftUpdateCheck = 1010;
				LastUpgradeCheck = 1010;
				ORGANIZATIONNAME = Bekgan;
				TargetAttributes = {
					B0D84954237EC70000A2DD9F = {
						CreatedOnToolsVersion = 10.1;
					};
					B0D84968237EC70300A2DD9F = {
						CreatedOnToolsVersion = 10.1;
						TestTargetID = B0D84954237EC70000A2DD9F;
					};
					B0D84973237EC70300A2DD9F = {
						CreatedOnToolsVersion = 10.1;
						TestTargetID = B0D84954237EC70000A2DD9F;
					};
				};
			};
			buildConfigurationList = B0D84950237EC70000A2DD9F /* Build configuration list for PBXProject "Test1" */;
			compatibilityVersion = "Xcode 9.3";
			developmentRegion = en;
			hasScannedForEncodings = 0;
			knownRegions = (
				en,
				Base,
			);
			mainGroup = B0D8494C237EC70000A2DD9F;
			productRefGroup = B0D84956237EC70000A2DD9F /* Products */;
			projectDirPath = "";
			projectRoot = "";
			targets = (
				B0D84954237EC70000A2DD9F /* Test1 */,
				B0D84968237EC70300A2DD9F /* Test1Tests */,
				B0D84973237EC70300A2DD9F /* Test1UITests */,
			);
		};
/* End PBXProject section */

/* Begin PBXResourcesBuildPhase section */
		B0D84953237EC70000A2DD9F /* Resources */ = {
			isa = PBXResourcesBuildPhase;
			buildActionMask = 2147483647;
			files = (
				B0D84963237EC70300A2DD9F /* LaunchScreen.storyboard in Resources */,
				B0D84960237EC70300A2DD9F /* Assets.xcassets in Resources */,
				B0D8495E237EC70100A2DD9F /* Main.storyboard in Resources */,
			);
			runOnlyForDeploymentPostprocessing = 0;
		};
		B0D84967237EC70300A2DD9F /* Resources */ = {
			isa = PBXResourcesBuildPhase;
			buildActionMask = 2147483647;
			files = (
			);
			runOnlyForDeploymentPostprocessing = 0;
		};
		B0D84972237EC70300A2DD9F /* Resources */ = {
			isa = PBXResourcesBuildPhase;
			buildActionMask = 2147483647;
			files = (
			);
			runOnlyForDeploymentPostprocessing = 0;
		};
/* End PBXResourcesBuildPhase section */

/* Begin PBXSourcesBuildPhase section */
		B0D84951237EC70000A2DD9F /* Sources */ = {
			isa = PBXSourcesBuildPhase;
			buildActionMask = 2147483647;
			files = (
				B0D8495B237EC70100A2DD9F /* ViewController.swift in Sources */,
				B0D84959237EC70100A2DD9F /* AppDelegate.swift in Sources */,
			);
			runOnlyForDeploymentPostprocessing = 0;
		};
		B0D84965237EC70300A2DD9F /* Sources */ = {
			isa = PBXSourcesBuildPhase;
			buildActionMask = 2147483647;
			files = (
				B0D8496E237EC70300A2DD9F /* Test1Tests.swift in Sources */,
			);
			runOnlyForDeploymentPostprocessing = 0;
		};
		B0D84970237EC70300A2DD9F /* Sources */ = {
			isa = PBXSourcesBuildPhase;
			buildActionMask = 2147483647;
			files = (
				B0D84979237EC70300A2DD9F /* Test1UITests.swift in Sources */,
			);
			runOnlyForDeploymentPostprocessing = 0;
		};
/* End PBXSourcesBuildPhase section */

/* Begin PBXTargetDependency section */
		B0D8496B237EC70300A2DD9F /* PBXTargetDependency */ = {
			isa = PBXTargetDependency;
			target = B0D84954237EC70000A2DD9F /* Test1 */;
			targetProxy = B0D8496A237EC70300A2DD9F /* PBXContainerItemProxy */;
		};
		B0D84976237EC70300A2DD9F /* PBXTargetDependency */ = {
			isa = PBXTargetDependency;
			target = B0D84954237EC70000A2DD9F /* Test1 */;
			targetProxy = B0D84975237EC70300A2DD9F /* PBXContainerItemProxy */;
		};
/* End PBXTargetDependency section */

/* Begin PBXVariantGroup section */
		B0D8495C237EC70100A2DD9F /* Main.storyboard */ = {
			isa = PBXVariantGroup;
			children = (
				B0D8495D237EC70100A2DD9F /* Base */,
			);
			name = Main.storyboard;
			sourceTree = "<group>";
		};
		B0D84961237EC70300A2DD9F /* LaunchScreen.storyboard */ = {
			isa = PBXVariantGroup;
			children = (
				B0D84962237EC70300A2DD9F /* Base */,
			);
			name = LaunchScreen.storyboard;
			sourceTree = "<group>";
		};
/* End PBXVariantGroup section */

/* Begin XCBuildConfiguration section */
		B0D8497B237EC70300A2DD9F /* Debug */ = {
			isa = XCBuildConfiguration;
			buildSettings = {
				ALWAYS_SEARCH_USER_PATHS = NO;
				CLANG_ANALYZER_NONNULL = YES;
				CLANG_ANALYZER_NUMBER_OBJECT_CONVERSION = YES_AGGRESSIVE;
				CLANG_CXX_LANGUAGE_STANDARD = "gnu++14";
				CLANG_CXX_LIBRARY = "libc++";
				CLANG_ENABLE_MODULES = YES;
				CLANG_ENABLE_OBJC_ARC = YES;
				CLANG_ENABLE_OBJC_WEAK = YES;
				CLANG_WARN_BLOCK_CAPTURE_AUTORELEASING = YES;
				CLANG_WARN_BOOL_CONVERSION = YES;
				CLANG_WARN_COMMA = YES;
				CLANG_WARN_CONSTANT_CONVERSION = YES;
				CLANG_WARN_DEPRECATED_OBJC_IMPLEMENTATIONS = YES;
				CLANG_WARN_DIRECT_OBJC_ISA_USAGE = YES_ERROR;
				CLANG_WARN_DOCUMENTATION_COMMENTS = YES;
				CLANG_WARN_EMPTY_BODY = YES;
				CLANG_WARN_ENUM_CONVERSION = YES;
				CLANG_WARN_INFINITE_RECURSION = YES;
				CLANG_WARN_INT_CONVERSION = YES;
				CLANG_WARN_NON_LITERAL_NULL_CONVERSION = YES;
				CLANG_WARN_OBJC_IMPLICIT_RETAIN_SELF = YES;
				CLANG_WARN_OBJC_LITERAL_CONVERSION = YES;
				CLANG_WARN_OBJC_ROOT_CLASS = YES_ERROR;
				CLANG_WARN_RANGE_LOOP_ANALYSIS = YES;
				CLANG_WARN_STRICT_PROTOTYPES = YES;
				CLANG_WARN_SUSPICIOUS_MOVE = YES;
				CLANG_WARN_UNGUARDED_AVAILABILITY = YES_AGGRESSIVE;
				CLANG_WARN_UNREACHABLE_CODE = YES;
				CLANG_WARN__DUPLICATE_METHOD_MATCH = YES;
				CODE_SIGN_IDENTITY = "iPhone Developer";
				COPY_PHASE_STRIP = NO;
				DEBUG_INFORMATION_FORMAT = dwarf;
				ENABLE_STRICT_OBJC_MSGSEND = YES;
				ENABLE_TESTABILITY = YES;
				GCC_C_LANGUAGE_STANDARD = gnu11;
				GCC_DYNAMIC_NO_PIC = NO;
				GCC_NO_COMMON_BLOCKS = YES;
				GCC_OPTIMIZATION_LEVEL = 0;
				GCC_PREPROCESSOR_DEFINITIONS = (
					"DEBUG=1",
					"$(inherited)",
				);
				GCC_WARN_64_TO_32_BIT_CONVERSION = YES;
				GCC_WARN_ABOUT_RETURN_TYPE = YES_ERROR;
				GCC_WARN_UNDECLARED_SELECTOR = YES;
				GCC_WARN_UNINITIALIZED_AUTOS = YES_AGGRESSIVE;
				GCC_WARN_UNUSED_FUNCTION = YES;
				GCC_WARN_UNUSED_VARIABLE = YES;
				IPHONEOS_DEPLOYMENT_TARGET = 12.1;
				MTL_ENABLE_DEBUG_INFO = INCLUDE_SOURCE;
				MTL_FAST_MATH = YES;
				ONLY_ACTIVE_ARCH = YES;
				SDKROOT = iphoneos;
				SWIFT_ACTIVE_COMPILATION_CONDITIONS = DEBUG;
				SWIFT_OPTIMIZATION_LEVEL = "-Onone";
			};
			name = Debug;
		};
		B0D8497C237EC70300A2DD9F /* Release */ = {
			isa = XCBuildConfiguration;
			buildSettings = {
				ALWAYS_SEARCH_USER_PATHS = NO;
				CLANG_ANALYZER_NONNULL = YES;
				CLANG_ANALYZER_NUMBER_OBJECT_CONVERSION = YES_AGGRESSIVE;
				CLANG_CXX_LANGUAGE_STANDARD = "gnu++14";
				CLANG_CXX_LIBRARY = "libc++";
				CLANG_ENABLE_MODULES = YES;
				CLANG_ENABLE_OBJC_ARC = YES;
				CLANG_ENABLE_OBJC_WEAK = YES;
				CLANG_WARN_BLOCK_CAPTURE_AUTORELEASING = YES;
				CLANG_WARN_BOOL_CONVERSION = YES;
				CLANG_WARN_COMMA = YES;
				CLANG_WARN_CONSTANT_CONVERSION = YES;
				CLANG_WARN_DEPRECATED_OBJC_IMPLEMENTATIONS = YES;
				CLANG_WARN_DIRECT_OBJC_ISA_USAGE = YES_ERROR;
				CLANG_WARN_DOCUMENTATION_COMMENTS = YES;
				CLANG_WARN_EMPTY_BODY = YES;
				CLANG_WARN_ENUM_CONVERSION = YES;
				CLANG_WARN_INFINITE_RECURSION = YES;
				CLANG_WARN_INT_CONVERSION = YES;
				CLANG_WARN_NON_LITERAL_NULL_CONVERSION = YES;
				CLANG_WARN_OBJC_IMPLICIT_RETAIN_SELF = YES;
				CLANG_WARN_OBJC_LITERAL_CONVERSION = YES;
				CLANG_WARN_OBJC_ROOT_CLASS = YES_ERROR;
				CLANG_WARN_RANGE_LOOP_ANALYSIS = YES;
				CLANG_WARN_STRICT_PROTOTYPES = YES;
				CLANG_WARN_SUSPICIOUS_MOVE = YES;
				CLANG_WARN_UNGUARDED_AVAILABILITY = YES_AGGRESSIVE;
				CLANG_WARN_UNREACHABLE_CODE = YES;
				CLANG_WARN__DUPLICATE_METHOD_MATCH = YES;
				CODE_SIGN_IDENTITY = "iPhone Developer";
				COPY_PHASE_STRIP = NO;
				DEBUG_INFORMATION_FORMAT = "dwarf-with-dsym";
				ENABLE_NS_ASSERTIONS = NO;
				ENABLE_STRICT_OBJC_MSGSEND = YES;
				GCC_C_LANGUAGE_STANDARD = gnu11;
				GCC_NO_COMMON_BLOCKS = YES;
				GCC_WARN_64_TO_32_BIT_CONVERSION = YES;
				GCC_WARN_ABOUT_RETURN_TYPE = YES_ERROR;
				GCC_WARN_UNDECLARED_SELECTOR = YES;
				GCC_WARN_UNINITIALIZED_AUTOS = YES_AGGRESSIVE;
				GCC_WARN_UNUSED_FUNCTION = YES;
				GCC_WARN_UNUSED_VARIABLE = YES;
				IPHONEOS_DEPLOYMENT_TARGET = 12.1;
				MTL_ENABLE_DEBUG_INFO = NO;
				MTL_FAST_MATH = YES;
				SDKROOT = iphoneos;
				SWIFT_COMPILATION_MODE = wholemodule;
				SWIFT_OPTIMIZATION_LEVEL = "-O";
				VALIDATE_PRODUCT = YES;
			};
			name = Release;
		};
		B0D8497E237EC70300A2DD9F /* Debug */ = {
			isa = XCBuildConfiguration;
			buildSettings = {
				ASSETCATALOG_COMPILER_APPICON_NAME = AppIcon;
				CODE_SIGN_STYLE = Automatic;
				INFOPLIST_FILE = Test1/Info.plist;
				LD_RUNPATH_SEARCH_PATHS = (
					"$(inherited)",
					"@executable_path/Frameworks",
				);
				PRODUCT_BUNDLE_IDENTIFIER = test.Test1;
				PRODUCT_NAME = "$(TARGET_NAME)";
				SWIFT_VERSION = 4.2;
				TARGETED_DEVICE_FAMILY = "1,2";
			};
			name = Debug;
		};
		B0D8497F237EC70300A2DD9F /* Release */ = {
			isa = XCBuildConfiguration;
			buildSettings = {
				ASSETCATALOG_COMPILER_APPICON_NAME = AppIcon;
				CODE_SIGN_STYLE = Automatic;
				INFOPLIST_FILE = Test1/Info.plist;
				LD_RUNPATH_SEARCH_PATHS = (
					"$(inherited)",
					"@executable_path/Frameworks",
				);
				PRODUCT_BUNDLE_IDENTIFIER = test.Test1;
				PRODUCT_NAME = "$(TARGET_NAME)";
				SWIFT_VERSION = 4.2;
				TARGETED_DEVICE_FAMILY = "1,2";
			};
			name = Release;
		};
		B0D84981237EC70300A2DD9F /* Debug */ = {
			isa = XCBuildConfiguration;
			buildSettings = {
				ALWAYS_EMBED_SWIFT_STANDARD_LIBRARIES = YES;
				BUNDLE_LOADER = "$(TEST_HOST)";
				CODE_SIGN_STYLE = Automatic;
				INFOPLIST_FILE = Test1Tests/Info.plist;
				LD_RUNPATH_SEARCH_PATHS = (
					"$(inherited)",
					"@executable_path/Frameworks",
					"@loader_path/Frameworks",
				);
				PRODUCT_BUNDLE_IDENTIFIER = test.Test1Tests;
				PRODUCT_NAME = "$(TARGET_NAME)";
				SWIFT_VERSION = 4.2;
				TARGETED_DEVICE_FAMILY = "1,2";
				TEST_HOST = "$(BUILT_PRODUCTS_DIR)/Test1.app/Test1";
			};
			name = Debug;
		};
		B0D84982237EC70300A2DD9F /* Release */ = {
			isa = XCBuildConfiguration;
			buildSettings = {
				ALWAYS_EMBED_SWIFT_STANDARD_LIBRARIES = YES;
				BUNDLE_LOADER = "$(TEST_HOST)";
				CODE_SIGN_STYLE = Automatic;
				INFOPLIST_FILE = Test1Tests/Info.plist;
				LD_RUNPATH_SEARCH_PATHS = (
					"$(inherited)",
					"@executable_path/Frameworks",
					"@loader_path/Frameworks",
				);
				PRODUCT_BUNDLE_IDENTIFIER = test.Test1Tests;
				PRODUCT_NAME = "$(TARGET_NAME)";
				SWIFT_VERSION = 4.2;
				TARGETED_DEVICE_FAMILY = "1,2";
				TEST_HOST = "$(BUILT_PRODUCTS_DIR)/Test1.app/Test1";
			};
			name = Release;
		};
		B0D84984237EC70300A2DD9F /* Debug */ = {
			isa = XCBuildConfiguration;
			buildSettings = {
				ALWAYS_EMBED_SWIFT_STANDARD_LIBRARIES = YES;
				CODE_SIGN_STYLE = Automatic;
				INFOPLIST_FILE = Test1UITests/Info.plist;
				LD_RUNPATH_SEARCH_PATHS = (
					"$(inherited)",
					"@executable_path/Frameworks",
					"@loader_path/Frameworks",
				);
				PRODUCT_BUNDLE_IDENTIFIER = test.Test1UITests;
				PRODUCT_NAME = "$(TARGET_NAME)";
				SWIFT_VERSION = 4.2;
				TARGETED_DEVICE_FAMILY = "1,2";
				TEST_TARGET_NAME = Test1;
			};
			name = Debug;
		};
		B0D84985237EC70300A2DD9F /* Release */ = {
			isa = XCBuildConfiguration;
			buildSettings = {
				ALWAYS_EMBED_SWIFT_STANDARD_LIBRARIES = YES;
				CODE_SIGN_STYLE = Automatic;
				INFOPLIST_FILE = Test1UITests/Info.plist;
				LD_RUNPATH_SEARCH_PATHS = (
					"$(inherited)",
					"@executable_path/Frameworks",
					"@loader_path/Frameworks",
				);
				PRODUCT_BUNDLE_IDENTIFIER = test.Test1UITests;
				PRODUCT_NAME = "$(TARGET_NAME)";
				SWIFT_VERSION = 4.2;
				TARGETED_DEVICE_FAMILY = "1,2";
				TEST_TARGET_NAME = Test1;
			};
			name = Release;
		};
/* End XCBuildConfiguration section */

/* Begin XCConfigurationList section */
		B0D84950237EC70000A2DD9F /* Build configuration list for PBXProject "Test1" */ = {
			isa = XCConfigurationList;
			buildConfigurations = (
				B0D8497B237EC70300A2DD9F /* Debug */,
				B0D8497C237EC70300A2DD9F /* Release */,
			);
			defaultConfigurationIsVisible = 0;
			defaultConfigurationName = Release;
		};
		B0D8497D237EC70300A2DD9F /* Build configuration list for PBXNativeTarget "Test1" */ = {
			isa = XCConfigurationList;
			buildConfigurations = (
				B0D8497E237EC70300A2DD9F /* Debug */,
				B0D8497F237EC70300A2DD9F /* Release */,
			);
			defaultConfigurationIsVisible = 0;
			defaultConfigurationName = Release;
		};
		B0D84980237EC70300A2DD9F /* Build configuration list for PBXNativeTarget "Test1Tests" */ = {
			isa = XCConfigurationList;
			buildConfigurations = (
				B0D84981237EC70300A2DD9F /* Debug */,
				B0D84982237EC70300A2DD9F /* Release */,
			);
			defaultConfigurationIsVisible = 0;
			defaultConfigurationName = Release;
		};
		B0D84983237EC70300A2DD9F /* Build configuration list for PBXNativeTarget "Test1UITests" */ = {
			isa = XCConfigurationList;
			buildConfigurations = (
				B0D84984237EC70300A2DD9F /* Debug */,
				B0D84985237EC70300A2DD9F /* Release */,
			);
			defaultConfigurationIsVisible = 0;
			defaultConfigurationName = Release;
		};
/* End XCConfigurationList section */
	};
	rootObject = B0D8494D237EC70000A2DD9F /* Project object */;
}
